
Microsoft Visual Studio Solution File, Format Version 12.00
# Visual Studio Version 18
VisualStudioVersion = 18.0.11205.157
MinimumVisualStudioVersion = 10.0.40219.1
Project("{9A19103F-16F7-4668-BE54-9A1E7A4F7556}") = "ElvUIDownloader", "ElvUIDownloader\ElvUIDownloader.csproj", "{B9F51AB5-656B-439C-B227-08902F5C687B}"
EndProject
Project("{C7167F0D-BC9F-4E6E-AFE1-012C56B48DB5}") = "ElvUIDownloader.App (Package)", "ElvUIDownloader.App\ElvUIDownloader.App (Package)\ElvUIDownloader.App (Package).wapproj", "{F3DC1CB2-8437-40F9-A36D-5B7F5C787BB6}"
EndProject
Project("{FAE04EC0-301F-11D3-BF4B-00C04F79EFBC}") = "ElvUIDownloader.App", "ElvUIDownloader.App\ElvUIDownloader.App\ElvUIDownloader.App.csproj", "{F06CC573-7F72-4756-8FCA-E4CD86A56A6B}"
EndProject
Project("{2150E333-8FDC-42A3-9474-1A3956D46DE8}") = "WinUIPackages", "WinUIPackages", "{E38294D6-601A-4810-928C-5BD4D833DB74}"
EndProject
Project("{2150E333-8FDC-42A3-9474-1A3956D46DE8}") = "WinUI", "WinUI", "{1809EEAD-BDA5-425E-82F3-A8339D355CCE}"
EndProject
Project("{FAE04EC0-301F-11D3-BF4B-00C04F79EFBC}") = "ElvUIDownloader.Desktop", "ElvUIDownloader.Desktop\ElvUIDownloader.Desktop.csproj", "{BB8AF275-55B9-45E2-985C-A5B5FE973363}"
EndProject
Global
	GlobalSection(SolutionConfigurationPlatforms) = preSolution
		Debug|Any CPU = Debug|Any CPU
		Debug|ARM64 = Debug|ARM64
		Debug|x64 = Debug|x64
		Debug|x86 = Debug|x86
		Release|Any CPU = Release|Any CPU
		Release|ARM64 = Release|ARM64
		Release|x64 = Release|x64
		Release|x86 = Release|x86
	EndGlobalSection
	GlobalSection(ProjectConfigurationPlatforms) = postSolution
		{B9F51AB5-656B-439C-B227-08902F5C687B}.Debug|Any CPU.ActiveCfg = Debug|Any CPU
		{B9F51AB5-656B-439C-B227-08902F5C687B}.Debug|Any CPU.Build.0 = Debug|Any CPU
		{B9F51AB5-656B-439C-B227-08902F5C687B}.Debug|ARM64.ActiveCfg = Debug|Any CPU
		{B9F51AB5-656B-439C-B227-08902F5C687B}.Debug|ARM64.Build.0 = Debug|Any CPU
		{B9F51AB5-656B-439C-B227-08902F5C687B}.Debug|x64.ActiveCfg = Debug|Any CPU
		{B9F51AB5-656B-439C-B227-08902F5C687B}.Debug|x64.Build.0 = Debug|Any CPU
		{B9F51AB5-656B-439C-B227-08902F5C687B}.Debug|x86.ActiveCfg = Debug|Any CPU
		{B9F51AB5-656B-439C-B227-08902F5C687B}.Debug|x86.Build.0 = Debug|Any CPU
		{B9F51AB5-656B-439C-B227-08902F5C687B}.Release|Any CPU.ActiveCfg = Release|Any CPU
		{B9F51AB5-656B-439C-B227-08902F5C687B}.Release|Any CPU.Build.0 = Release|Any CPU
		{B9F51AB5-656B-439C-B227-08902F5C687B}.Release|ARM64.ActiveCfg = Release|Any CPU
		{B9F51AB5-656B-439C-B227-08902F5C687B}.Release|ARM64.Build.0 = Release|Any CPU
		{B9F51AB5-656B-439C-B227-08902F5C687B}.Release|x64.ActiveCfg = Release|Any CPU
		{B9F51AB5-656B-439C-B227-08902F5C687B}.Release|x64.Build.0 = Release|Any CPU
		{B9F51AB5-656B-439C-B227-08902F5C687B}.Release|x86.ActiveCfg = Release|Any CPU
		{B9F51AB5-656B-439C-B227-08902F5C687B}.Release|x86.Build.0 = Release|Any CPU
		{F3DC1CB2-8437-40F9-A36D-5B7F5C787BB6}.Debug|Any CPU.ActiveCfg = Debug|x64
		{F3DC1CB2-8437-40F9-A36D-5B7F5C787BB6}.Debug|Any CPU.Build.0 = Debug|x64
		{F3DC1CB2-8437-40F9-A36D-5B7F5C787BB6}.Debug|Any CPU.Deploy.0 = Debug|x64
		{F3DC1CB2-8437-40F9-A36D-5B7F5C787BB6}.Debug|ARM64.ActiveCfg = Debug|ARM64
		{F3DC1CB2-8437-40F9-A36D-5B7F5C787BB6}.Debug|ARM64.Build.0 = Debug|ARM64
		{F3DC1CB2-8437-40F9-A36D-5B7F5C787BB6}.Debug|ARM64.Deploy.0 = Debug|ARM64
		{F3DC1CB2-8437-40F9-A36D-5B7F5C787BB6}.Debug|x64.ActiveCfg = Debug|x64
		{F3DC1CB2-8437-40F9-A36D-5B7F5C787BB6}.Debug|x64.Build.0 = Debug|x64
		{F3DC1CB2-8437-40F9-A36D-5B7F5C787BB6}.Debug|x64.Deploy.0 = Debug|x64
		{F3DC1CB2-8437-40F9-A36D-5B7F5C787BB6}.Debug|x86.ActiveCfg = Debug|x86
		{F3DC1CB2-8437-40F9-A36D-5B7F5C787BB6}.Debug|x86.Build.0 = Debug|x86
		{F3DC1CB2-8437-40F9-A36D-5B7F5C787BB6}.Debug|x86.Deploy.0 = Debug|x86
		{F3DC1CB2-8437-40F9-A36D-5B7F5C787BB6}.Release|Any CPU.ActiveCfg = Release|x64
		{F3DC1CB2-8437-40F9-A36D-5B7F5C787BB6}.Release|Any CPU.Build.0 = Release|x64
		{F3DC1CB2-8437-40F9-A36D-5B7F5C787BB6}.Release|Any CPU.Deploy.0 = Release|x64
		{F3DC1CB2-8437-40F9-A36D-5B7F5C787BB6}.Release|ARM64.ActiveCfg = Release|ARM64
		{F3DC1CB2-8437-40F9-A36D-5B7F5C787BB6}.Release|ARM64.Build.0 = Release|ARM64
		{F3DC1CB2-8437-40F9-A36D-5B7F5C787BB6}.Release|ARM64.Deploy.0 = Release|ARM64
		{F3DC1CB2-8437-40F9-A36D-5B7F5C787BB6}.Release|x64.ActiveCfg = Release|x64
		{F3DC1CB2-8437-40F9-A36D-5B7F5C787BB6}.Release|x64.Build.0 = Release|x64
		{F3DC1CB2-8437-40F9-A36D-5B7F5C787BB6}.Release|x64.Deploy.0 = Release|x64
		{F3DC1CB2-8437-40F9-A36D-5B7F5C787BB6}.Release|x86.ActiveCfg = Release|x86
		{F3DC1CB2-8437-40F9-A36D-5B7F5C787BB6}.Release|x86.Build.0 = Release|x86
		{F3DC1CB2-8437-40F9-A36D-5B7F5C787BB6}.Release|x86.Deploy.0 = Release|x86
		{F06CC573-7F72-4756-8FCA-E4CD86A56A6B}.Debug|Any CPU.ActiveCfg = Debug|x64
		{F06CC573-7F72-4756-8FCA-E4CD86A56A6B}.Debug|Any CPU.Build.0 = Debug|x64
		{F06CC573-7F72-4756-8FCA-E4CD86A56A6B}.Debug|ARM64.ActiveCfg = Debug|ARM64
		{F06CC573-7F72-4756-8FCA-E4CD86A56A6B}.Debug|ARM64.Build.0 = Debug|ARM64
		{F06CC573-7F72-4756-8FCA-E4CD86A56A6B}.Debug|x64.ActiveCfg = Debug|x64
		{F06CC573-7F72-4756-8FCA-E4CD86A56A6B}.Debug|x64.Build.0 = Debug|x64
		{F06CC573-7F72-4756-8FCA-E4CD86A56A6B}.Debug|x86.ActiveCfg = Debug|x86
		{F06CC573-7F72-4756-8FCA-E4CD86A56A6B}.Debug|x86.Build.0 = Debug|x86
		{F06CC573-7F72-4756-8FCA-E4CD86A56A6B}.Release|Any CPU.ActiveCfg = Release|x64
		{F06CC573-7F72-4756-8FCA-E4CD86A56A6B}.Release|Any CPU.Build.0 = Release|x64
		{F06CC573-7F72-4756-8FCA-E4CD86A56A6B}.Release|ARM64.ActiveCfg = Release|ARM64
		{F06CC573-7F72-4756-8FCA-E4CD86A56A6B}.Release|ARM64.Build.0 = Release|ARM64
		{F06CC573-7F72-4756-8FCA-E4CD86A56A6B}.Release|x64.ActiveCfg = Release|x64
		{F06CC573-7F72-4756-8FCA-E4CD86A56A6B}.Release|x64.Build.0 = Release|x64
		{F06CC573-7F72-4756-8FCA-E4CD86A56A6B}.Release|x86.ActiveCfg = Release|x86
		{F06CC573-7F72-4756-8FCA-E4CD86A56A6B}.Release|x86.Build.0 = Release|x86
		{BB8AF275-55B9-45E2-985C-A5B5FE973363}.Debug|Any CPU.ActiveCfg = Debug|x64
		{BB8AF275-55B9-45E2-985C-A5B5FE973363}.Debug|Any CPU.Build.0 = Debug|x64
		{BB8AF275-55B9-45E2-985C-A5B5FE973363}.Debug|Any CPU.Deploy.0 = Debug|x64
		{BB8AF275-55B9-45E2-985C-A5B5FE973363}.Debug|ARM64.ActiveCfg = Debug|ARM64
		{BB8AF275-55B9-45E2-985C-A5B5FE973363}.Debug|ARM64.Build.0 = Debug|ARM64
		{BB8AF275-55B9-45E2-985C-A5B5FE973363}.Debug|ARM64.Deploy.0 = Debug|ARM64
		{BB8AF275-55B9-45E2-985C-A5B5FE973363}.Debug|x64.ActiveCfg = Debug|x64
		{BB8AF275-55B9-45E2-985C-A5B5FE973363}.Debug|x64.Build.0 = Debug|x64
		{BB8AF275-55B9-45E2-985C-A5B5FE973363}.Debug|x64.Deploy.0 = Debug|x64
		{BB8AF275-55B9-45E2-985C-A5B5FE973363}.Debug|x86.ActiveCfg = Debug|x86
		{BB8AF275-55B9-45E2-985C-A5B5FE973363}.Debug|x86.Build.0 = Debug|x86
		{BB8AF275-55B9-45E2-985C-A5B5FE973363}.Debug|x86.Deploy.0 = Debug|x86
		{BB8AF275-55B9-45E2-985C-A5B5FE973363}.Release|Any CPU.ActiveCfg = Release|x64
		{BB8AF275-55B9-45E2-985C-A5B5FE973363}.Release|Any CPU.Build.0 = Release|x64
		{BB8AF275-55B9-45E2-985C-A5B5FE973363}.Release|Any CPU.Deploy.0 = Release|x64
		{BB8AF275-55B9-45E2-985C-A5B5FE973363}.Release|ARM64.ActiveCfg = Release|ARM64
		{BB8AF275-55B9-45E2-985C-A5B5FE973363}.Release|ARM64.Build.0 = Release|ARM64
		{BB8AF275-55B9-45E2-985C-A5B5FE973363}.Release|ARM64.Deploy.0 = Release|ARM64
		{BB8AF275-55B9-45E2-985C-A5B5FE973363}.Release|x64.ActiveCfg = Release|x64
		{BB8AF275-55B9-45E2-985C-A5B5FE973363}.Release|x64.Build.0 = Release|x64
		{BB8AF275-55B9-45E2-985C-A5B5FE973363}.Release|x64.Deploy.0 = Release|x64
		{BB8AF275-55B9-45E2-985C-A5B5FE973363}.Release|x86.ActiveCfg = Release|x86
		{BB8AF275-55B9-45E2-985C-A5B5FE973363}.Release|x86.Build.0 = Release|x86
		{BB8AF275-55B9-45E2-985C-A5B5FE973363}.Release|x86.Deploy.0 = Release|x86
	EndGlobalSection
	GlobalSection(SolutionProperties) = preSolution
		HideSolutionNode = FALSE
	EndGlobalSection
	GlobalSection(NestedProjects) = preSolution
		{F3DC1CB2-8437-40F9-A36D-5B7F5C787BB6} = {E38294D6-601A-4810-928C-5BD4D833DB74}
		{F06CC573-7F72-4756-8FCA-E4CD86A56A6B} = {E38294D6-601A-4810-928C-5BD4D833DB74}
		{BB8AF275-55B9-45E2-985C-A5B5FE973363} = {1809EEAD-BDA5-425E-82F3-A8339D355CCE}
	EndGlobalSection
	GlobalSection(ExtensibilityGlobals) = postSolution
		SolutionGuid = {13944448-D84B-49C8-9AAE-27BFCC9339E2}
	EndGlobalSection
EndGlobal
